
Microsoft Visual Studio Solution File, Format Version 12.00
# Visual Studio Version 17
VisualStudioVersion = 17.13.35931.197 d17.13
MinimumVisualStudioVersion = 10.0.40219.1
Project("{FAE04EC0-301F-11D3-BF4B-00C04F79EFBC}") = "setup-test", "setup-test\setup-test.csproj", "{8509329F-D721-45CF-ABD0-0500B3DAFD56}"
EndProject
Global
	GlobalSection(SolutionConfigurationPlatforms) = preSolution
		Debug|Any CPU = Debug|Any CPU
		Release|Any CPU = Release|Any CPU
	EndGlobalSection
	GlobalSection(ProjectConfigurationPlatforms) = postSolution
		{8509329F-D721-45CF-ABD0-0500B3DAFD56}.Debug|Any CPU.ActiveCfg = Debug|Any CPU
		{8509329F-D721-45CF-ABD0-0500B3DAFD56}.Debug|Any CPU.Build.0 = Debug|Any CPU
		{8509329F-D721-45CF-ABD0-0500B3DAFD56}.Release|Any CPU.ActiveCfg = Release|Any CPU
		{8509329F-D721-45CF-ABD0-0500B3DAFD56}.Release|Any CPU.Build.0 = Release|Any CPU
	EndGlobalSection
	GlobalSection(SolutionProperties) = preSolution
		HideSolutionNode = FALSE
	EndGlobalSection
	GlobalSection(ExtensibilityGlobals) = postSolution
		SolutionGuid = {1B5A8931-EF7F-4DAB-9E0C-5394D981B46D}
	EndGlobalSection
EndGlobal
